PODS:
  - Alamofire (3.4.2)
  - BleComm (0.5.5)
  - PSoC4FirmwareUpdateiOS (0.2.1)

DEPENDENCIES:
  - Alamofire (~> 3.4.2)
  - BleComm
  - PSoC4FirmwareUpdateiOS (from `../`)

EXTERNAL SOURCES:
  PSoC4FirmwareUpdateiOS:
    :path: ../

SPEC CHECKSUMS:
  Alamofire: 6aa33201d20d069e1598891cf928883ff1888c7a
  BleComm: 325f6a873a6f1e354b510fb54f9014ed30358027
  PSoC4FirmwareUpdateiOS: f778e84151d0d8cdcab85630b85138b307573a9a

PODFILE CHECKSUM: 351a752d0cb231a84b5cbb111d8668e56f590a24

COCOAPODS: 1.0.1
